// !$*UTF8*$!
{
	archiveVersion = 1;
	classes = {
	};
	objectVersion = 50;
	objects = {

/* Begin PBXBuildFile section */
		8627565A20B298AA00009765 /* AppDelegate.m in Sources */ = {isa = PBXBuildFile; fileRef = 8627565920B298AA00009765 /* AppDelegate.m */; };
		8627565D20B298AA00009765 /* ViewController.m in Sources */ = {isa = PBXBuildFile; fileRef = 8627565C20B298AA00009765 /* ViewController.m */; };
		8627566020B298AA00009765 /* Main.storyboard in Resources */ = {isa = PBXBuildFile; fileRef = 8627565E20B298AA00009765 /* Main.storyboard */; };
		8627566220B298AB00009765 /* Assets.xcassets in Resources */ = {isa = PBXBuildFile; fileRef = 8627566120B298AB00009765 /* Assets.xcassets */; };
		8627566520B298AB00009765 /* LaunchScreen.storyboard in Resources */ = {isa = PBXBuildFile; fileRef = 8627566320B298AB00009765 /* LaunchScreen.storyboard */; };
		8627566820B298AB00009765 /* main.m in Sources */ = {isa = PBXBuildFile; fileRef = 8627566720B298AB00009765 /* main.m */; };
		8627566F20B29E1800009765 /* Localizable.strings in Resources */ = {isa = PBXBuildFile; fileRef = 8627566E20B29E1800009765 /* Localizable.strings */; };
/* End PBXBuildFile section */

/* Begin PBXFileReference section */
		8627565520B298AA00009765 /* StvProject2.3.1.app */ = {isa = PBXFileReference; explicitFileType = wrapper.application; includeInIndex = 0; path = StvProject2.3.1.app; sourceTree = BUILT_PRODUCTS_DIR; };
		8627565820B298AA00009765 /* AppDelegate.h */ = {isa = PBXFileReference; lastKnownFileType = sourcecode.c.h; path = AppDelegate.h; sourceTree = "<group>"; };
		8627565920B298AA00009765 /* AppDelegate.m */ = {isa = PBXFileReference; lastKnownFileType = sourcecode.c.objc; path = AppDelegate.m; sourceTree = "<group>"; };
		8627565B20B298AA00009765 /* ViewController.h */ = {isa = PBXFileReference; lastKnownFileType = sourcecode.c.h; path = ViewController.h; sourceTree = "<group>"; };
		8627565C20B298AA00009765 /* ViewController.m */ = {isa = PBXFileReference; lastKnownFileType = sourcecode.c.objc; path = ViewController.m; sourceTree = "<group>"; };
		8627565F20B298AA00009765 /* Base */ = {isa = PBXFileReference; lastKnownFileType = file.storyboard; name = Base; path = Base.lproj/Main.storyboard; sourceTree = "<group>"; };
		8627566120B298AB00009765 /* Assets.xcassets */ = {isa = PBXFileReference; lastKnownFileType = folder.assetcatalog; path = Assets.xcassets; sourceTree = "<group>"; };
		8627566420B298AB00009765 /* Base */ = {isa = PBXFileReference; lastKnownFileType = file.storyboard; name = Base; path = Base.lproj/LaunchScreen.storyboard; sourceTree = "<group>"; };
		8627566620B298AB00009765 /* Info.plist */ = {isa = PBXFileReference; lastKnownFileType = text.plist.xml; path = Info.plist; sourceTree = "<group>"; };
		8627566720B298AB00009765 /* main.m */ = {isa = PBXFileReference; lastKnownFileType = sourcecode.c.objc; path = main.m; sourceTree = "<group>"; };
		8627566E20B29E1800009765 /* Localizable.strings */ = {isa = PBXFileReference; lastKnownFileType = text.plist.strings; path = Localizable.strings; sourceTree = "<group>"; };
/* End PBXFileReference section */

/* Begin PBXFrameworksBuildPhase section */
		8627565220B298AA00009765 /* Frameworks */ = {
			isa = PBXFrameworksBuildPhase;
			buildActionMask = 2147483647;
			files = (
			);
			runOnlyForDeploymentPostprocessing = 0;
		};
/* End PBXFrameworksBuildPhase section */

/* Begin PBXGroup section */
		8627564C20B298AA00009765 = {
			isa = PBXGroup;
			children = (
				8627565720B298AA00009765 /* StvProject2.3.1 */,
				8627565620B298AA00009765 /* Products */,
			);
			sourceTree = "<group>";
		};
		8627565620B298AA00009765 /* Products */ = {
			isa = PBXGroup;
			children = (
				8627565520B298AA00009765 /* StvProject2.3.1.app */,
			);
			name = Products;
			sourceTree = "<group>";
		};
		8627565720B298AA00009765 /* StvProject2.3.1 */ = {
			isa = PBXGroup;
			children = (
				8627565820B298AA00009765 /* AppDelegate.h */,
				8627565920B298AA00009765 /* AppDelegate.m */,
				8627565B20B298AA00009765 /* ViewController.h */,
				8627565C20B298AA00009765 /* ViewController.m */,
				8627565E20B298AA00009765 /* Main.storyboard */,
				8627566120B298AB00009765 /* Assets.xcassets */,
				8627566320B298AB00009765 /* LaunchScreen.storyboard */,
				8627566620B298AB00009765 /* Info.plist */,
				8627566720B298AB00009765 /* main.m */,
				8627566E20B29E1800009765 /* Localizable.strings */,
			);
			path = StvProject2.3.1;
			sourceTree = "<group>";
		};
/* End PBXGroup section */

/* Begin PBXNativeTarget section */
		8627565420B298AA00009765 /* StvProject2.3.1 */ = {
			isa = PBXNativeTarget;
			buildConfigurationList = 8627566B20B298AB00009765 /* Build configuration list for PBXNativeTarget "StvProject2.3.1" */;
			buildPhases = (
				8627565120B298AA00009765 /* Sources */,
				8627565220B298AA00009765 /* Frameworks */,
				8627565320B298AA00009765 /* Resources */,
			);
			buildRules = (
			);
			dependencies = (
			);
			name = StvProject2.3.1;
			productName = StvProject2.3.1;
			productReference = 8627565520B298AA00009765 /* StvProject2.3.1.app */;
			productType = "com.apple.product-type.application";
		};
/* End PBXNativeTarget section */

/* Begin PBXProject section */
		8627564D20B298AA00009765 /* Project object */ = {
			isa = PBXProject;
			attributes = {
				LastUpgradeCheck = 0930;
				ORGANIZATIONNAME = "Daichi Take";
				TargetAttributes = {
					8627565420B298AA00009765 = {
						CreatedOnToolsVersion = 9.3.1;
					};
				};
			};
			buildConfigurationList = 8627565020B298AA00009765 /* Build configuration list for PBXProject "StvProject2.3.1" */;
			compatibilityVersion = "Xcode 9.3";
			developmentRegion = en;
			hasScannedForEncodings = 0;
			knownRegions = (
				en,
				Base,
			);
			mainGroup = 8627564C20B298AA00009765;
			productRefGroup = 8627565620B298AA00009765 /* Products */;
			projectDirPath = "";
			projectRoot = "";
			targets = (
				8627565420B298AA00009765 /* StvProject2.3.1 */,
			);
		};
/* End PBXProject section */

/* Begin PBXResourcesBuildPhase section */
		8627565320B298AA00009765 /* Resources */ = {
			isa = PBXResourcesBuildPhase;
			buildActionMask = 2147483647;
			files = (
				8627566520B298AB00009765 /* LaunchScreen.storyboard in Resources */,
				8627566F20B29E1800009765 /* Localizable.strings in Resources */,
				8627566220B298AB00009765 /* Assets.xcassets in Resources */,
				8627566020B298AA00009765 /* Main.storyboard in Resources */,
			);
			runOnlyForDeploymentPostprocessing = 0;
		};
/* End PBXResourcesBuildPhase section */

/* Begin PBXSourcesBuildPhase section */
		8627565120B298AA00009765 /* Sources */ = {
			isa = PBXSourcesBuildPhase;
			buildActionMask = 2147483647;
			files = (
				8627565D20B298AA00009765 /* ViewController.m in Sources */,
				8627566820B298AB00009765 /* main.m in Sources */,
				8627565A20B298AA00009765 /* AppDelegate.m in Sources */,
			);
			runOnlyForDeploymentPostprocessing = 0;
		};
/* End PBXSourcesBuildPhase section */

/* Begin PBXVariantGroup section */
		8627565E20B298AA00009765 /* Main.storyboard */ = {
			isa = PBXVariantGroup;
			children = (
				8627565F20B298AA00009765 /* Base */,
			);
			name = Main.storyboard;
			sourceTree = "<group>";
		};
		8627566320B298AB00009765 /* LaunchScreen.storyboard */ = {
			isa = PBXVariantGroup;
			children = (
				8627566420B298AB00009765 /* Base */,
			);
			name = LaunchScreen.storyboard;
			sourceTree = "<group>";
		};
/* End PBXVariantGroup section */

/* Begin XCBuildConfiguration section */
		8627566920B298AB00009765 /* Debug */ = {
			isa = XCBuildConfiguration;
			buildSettings = {
				ALWAYS_SEARCH_USER_PATHS = NO;
				CLANG_ANALYZER_NONNULL = YES;
				CLANG_ANALYZER_NUMBER_OBJECT_CONVERSION = YES_AGGRESSIVE;
				CLANG_CXX_LANGUAGE_STANDARD = "gnu++14";
				CLANG_CXX_LIBRARY = "libc++";
				CLANG_ENABLE_MODULES = YES;
				CLANG_ENABLE_OBJC_ARC = YES;
				CLANG_ENABLE_OBJC_WEAK = YES;
				CLANG_WARN_BLOCK_CAPTURE_AUTORELEASING = YES;
				CLANG_WARN_BOOL_CONVERSION = YES;
				CLANG_WARN_COMMA = YES;
				CLANG_WARN_CONSTANT_CONVERSION = YES;
				CLANG_WARN_DEPRECATED_OBJC_IMPLEMENTATIONS = YES;
				CLANG_WARN_DIRECT_OBJC_ISA_USAGE = YES_ERROR;
				CLANG_WARN_DOCUMENTATION_COMMENTS = YES;
				CLANG_WARN_EMPTY_BODY = YES;
				CLANG_WARN_ENUM_CONVERSION = YES;
				CLANG_WARN_INFINITE_RECURSION = YES;
				CLANG_WARN_INT_CONVERSION = YES;
				CLANG_WARN_NON_LITERAL_NULL_CONVERSION = YES;
				CLANG_WARN_OBJC_IMPLICIT_RETAIN_SELF = YES;
				CLANG_WARN_OBJC_LITERAL_CONVERSION = YES;
				CLANG_WARN_OBJC_ROOT_CLASS = YES_ERROR;
				CLANG_WARN_RANGE_LOOP_ANALYSIS = YES;
				CLANG_WARN_STRICT_PROTOTYPES = YES;
				CLANG_WARN_SUSPICIOUS_MOVE = YES;
				CLANG_WARN_UNGUARDED_AVAILABILITY = YES_AGGRESSIVE;
				CLANG_WARN_UNREACHABLE_CODE = YES;
				CLANG_WARN__DUPLICATE_METHOD_MATCH = YES;
				CODE_SIGN_IDENTITY = "iPhone Developer";
				COPY_PHASE_STRIP = NO;
				DEBUG_INFORMATION_FORMAT = dwarf;
				ENABLE_STRICT_OBJC_MSGSEND = YES;
				ENABLE_TESTABILITY = YES;
				GCC_C_LANGUAGE_STANDARD = gnu11;
				GCC_DYNAMIC_NO_PIC = NO;
				GCC_NO_COMMON_BLOCKS = YES;
				GCC_OPTIMIZATION_LEVEL = 0;
				GCC_PREPROCESSOR_DEFINITIONS = (
					"DEBUG=1",
					"$(inherited)",
				);
				GCC_WARN_64_TO_32_BIT_CONVERSION = YES;
				GCC_WARN_ABOUT_RETURN_TYPE = YES_ERROR;
				GCC_WARN_UNDECLARED_SELECTOR = YES;
				GCC_WARN_UNINITIALIZED_AUTOS = YES_AGGRESSIVE;
				GCC_WARN_UNUSED_FUNCTION = YES;
				GCC_WARN_UNUSED_VARIABLE = YES;
				IPHONEOS_DEPLOYMENT_TARGET = 11.3;
				MTL_ENABLE_DEBUG_INFO = YES;
				ONLY_ACTIVE_ARCH = YES;
				SDKROOT = iphoneos;
			};
			name = Debug;
		};
		8627566A20B298AB00009765 /* Release */ = {
			isa = XCBuildConfiguration;
			buildSettings = {
				ALWAYS_SEARCH_USER_PATHS = NO;
				CLANG_ANALYZER_NONNULL = YES;
				CLANG_ANALYZER_NUMBER_OBJECT_CONVERSION = YES_AGGRESSIVE;
				CLANG_CXX_LANGUAGE_STANDARD = "gnu++14";
				CLANG_CXX_LIBRARY = "libc++";
				CLANG_ENABLE_MODULES = YES;
				CLANG_ENABLE_OBJC_ARC = YES;
				CLANG_ENABLE_OBJC_WEAK = YES;
				CLANG_WARN_BLOCK_CAPTURE_AUTORELEASING = YES;
				CLANG_WARN_BOOL_CONVERSION = YES;
				CLANG_WARN_COMMA = YES;
				CLANG_WARN_CONSTANT_CONVERSION = YES;
				CLANG_WARN_DEPRECATED_OBJC_IMPLEMENTATIONS = YES;
				CLANG_WARN_DIRECT_OBJC_ISA_USAGE = YES_ERROR;
				CLANG_WARN_DOCUMENTATION_COMMENTS = YES;
				CLANG_WARN_EMPTY_BODY = YES;
				CLANG_WARN_ENUM_CONVERSION = YES;
				CLANG_WARN_INFINITE_RECURSION = YES;
				CLANG_WARN_INT_CONVERSION = YES;
				CLANG_WARN_NON_LITERAL_NULL_CONVERSION = YES;
				CLANG_WARN_OBJC_IMPLICIT_RETAIN_SELF = YES;
				CLANG_WARN_OBJC_LITERAL_CONVERSION = YES;
				CLANG_WARN_OBJC_ROOT_CLASS = YES_ERROR;
				CLANG_WARN_RANGE_LOOP_ANALYSIS = YES;
				CLANG_WARN_STRICT_PROTOTYPES = YES;
				CLANG_WARN_SUSPICIOUS_MOVE = YES;
				CLANG_WARN_UNGUARDED_AVAILABILITY = YES_AGGRESSIVE;
				CLANG_WARN_UNREACHABLE_CODE = YES;
				CLANG_WARN__DUPLICATE_METHOD_MATCH = YES;
				CODE_SIGN_IDENTITY = "iPhone Developer";
				COPY_PHASE_STRIP = NO;
				DEBUG_INFORMATION_FORMAT = "dwarf-with-dsym";
				ENABLE_NS_ASSERTIONS = NO;
				ENABLE_STRICT_OBJC_MSGSEND = YES;
				GCC_C_LANGUAGE_STANDARD = gnu11;
				GCC_NO_COMMON_BLOCKS = YES;
				GCC_WARN_64_TO_32_BIT_CONVERSION = YES;
				GCC_WARN_ABOUT_RETURN_TYPE = YES_ERROR;
				GCC_WARN_UNDECLARED_SELECTOR = YES;
				GCC_WARN_UNINITIALIZED_AUTOS = YES_AGGRESSIVE;
				GCC_WARN_UNUSED_FUNCTION = YES;
				GCC_WARN_UNUSED_VARIABLE = YES;
				IPHONEOS_DEPLOYMENT_TARGET = 11.3;
				MTL_ENABLE_DEBUG_INFO = NO;
				SDKROOT = iphoneos;
				VALIDATE_PRODUCT = YES;
			};
			name = Release;
		};
		8627566C20B298AB00009765 /* Debug */ = {
			isa = XCBuildConfiguration;
			buildSettings = {
				ASSETCATALOG_COMPILER_APPICON_NAME = AppIcon;
				CODE_SIGN_STYLE = Automatic;
				INFOPLIST_FILE = StvProject2.3.1/Info.plist;
				LD_RUNPATH_SEARCH_PATHS = (
					"$(inherited)",
					"@executable_path/Frameworks",
				);
				PRODUCT_BUNDLE_IDENTIFIER = "com.daichi.StvProject2-3-1";
				PRODUCT_NAME = "$(TARGET_NAME)";
				TARGETED_DEVICE_FAMILY = "1,2";
			};
			name = Debug;
		};
		8627566D20B298AB00009765 /* Release */ = {
			isa = XCBuildConfiguration;
			buildSettings = {
				ASSETCATALOG_COMPILER_APPICON_NAME = AppIcon;
				CODE_SIGN_STYLE = Automatic;
				INFOPLIST_FILE = StvProject2.3.1/Info.plist;
				LD_RUNPATH_SEARCH_PATHS = (
					"$(inherited)",
					"@executable_path/Frameworks",
				);
				PRODUCT_BUNDLE_IDENTIFIER = "com.daichi.StvProject2-3-1";
				PRODUCT_NAME = "$(TARGET_NAME)";
				TARGETED_DEVICE_FAMILY = "1,2";
			};
			name = Release;
		};
/* End XCBuildConfiguration section */

/* Begin XCConfigurationList section */
		8627565020B298AA00009765 /* Build configuration list for PBXProject "StvProject2.3.1" */ = {
			isa = XCConfigurationList;
			buildConfigurations = (
				8627566920B298AB00009765 /* Debug */,
				8627566A20B298AB00009765 /* Release */,
			);
			defaultConfigurationIsVisible = 0;
			defaultConfigurationName = Release;
		};
		8627566B20B298AB00009765 /* Build configuration list for PBXNativeTarget "StvProject2.3.1" */ = {
			isa = XCConfigurationList;
			buildConfigurations = (
				8627566C20B298AB00009765 /* Debug */,
				8627566D20B298AB00009765 /* Release */,
			);
			defaultConfigurationIsVisible = 0;
			defaultConfigurationName = Release;
		};
/* End XCConfigurationList section */
	};
	rootObject = 8627564D20B298AA00009765 /* Project object */;
}
