// !$*UTF8*$!
{
	archiveVersion = 1;
	classes = {
	};
	objectVersion = 50;
	objects = {

/* Begin PBXBuildFile section */
		86279B4620AAE2DC00DCBCCA /* AppDelegate.m in Sources */ = {isa = PBXBuildFile; fileRef = 86279B4520AAE2DC00DCBCCA /* AppDelegate.m */; };
		86279B4920AAE2DC00DCBCCA /* ViewController.m in Sources */ = {isa = PBXBuildFile; fileRef = 86279B4820AAE2DC00DCBCCA /* ViewController.m */; };
		86279B4C20AAE2DC00DCBCCA /* Main.storyboard in Resources */ = {isa = PBXBuildFile; fileRef = 86279B4A20AAE2DC00DCBCCA /* Main.storyboard */; };
		86279B4E20AAE2DD00DCBCCA /* Assets.xcassets in Resources */ = {isa = PBXBuildFile; fileRef = 86279B4D20AAE2DD00DCBCCA /* Assets.xcassets */; };
		86279B5120AAE2DD00DCBCCA /* LaunchScreen.storyboard in Resources */ = {isa = PBXBuildFile; fileRef = 86279B4F20AAE2DD00DCBCCA /* LaunchScreen.storyboard */; };
		86279B5420AAE2DD00DCBCCA /* main.m in Sources */ = {isa = PBXBuildFile; fileRef = 86279B5320AAE2DD00DCBCCA /* main.m */; };
/* End PBXBuildFile section */

/* Begin PBXFileReference section */
		86279B4120AAE2DC00DCBCCA /* test2.1.7.app */ = {isa = PBXFileReference; explicitFileType = wrapper.application; includeInIndex = 0; path = test2.1.7.app; sourceTree = BUILT_PRODUCTS_DIR; };
		86279B4420AAE2DC00DCBCCA /* AppDelegate.h */ = {isa = PBXFileReference; lastKnownFileType = sourcecode.c.h; path = AppDelegate.h; sourceTree = "<group>"; };
		86279B4520AAE2DC00DCBCCA /* AppDelegate.m */ = {isa = PBXFileReference; lastKnownFileType = sourcecode.c.objc; path = AppDelegate.m; sourceTree = "<group>"; };
		86279B4720AAE2DC00DCBCCA /* ViewController.h */ = {isa = PBXFileReference; lastKnownFileType = sourcecode.c.h; path = ViewController.h; sourceTree = "<group>"; };
		86279B4820AAE2DC00DCBCCA /* ViewController.m */ = {isa = PBXFileReference; lastKnownFileType = sourcecode.c.objc; path = ViewController.m; sourceTree = "<group>"; };
		86279B4B20AAE2DC00DCBCCA /* Base */ = {isa = PBXFileReference; lastKnownFileType = file.storyboard; name = Base; path = Base.lproj/Main.storyboard; sourceTree = "<group>"; };
		86279B4D20AAE2DD00DCBCCA /* Assets.xcassets */ = {isa = PBXFileReference; lastKnownFileType = folder.assetcatalog; path = Assets.xcassets; sourceTree = "<group>"; };
		86279B5020AAE2DD00DCBCCA /* Base */ = {isa = PBXFileReference; lastKnownFileType = file.storyboard; name = Base; path = Base.lproj/LaunchScreen.storyboard; sourceTree = "<group>"; };
		86279B5220AAE2DD00DCBCCA /* Info.plist */ = {isa = PBXFileReference; lastKnownFileType = text.plist.xml; path = Info.plist; sourceTree = "<group>"; };
		86279B5320AAE2DD00DCBCCA /* main.m */ = {isa = PBXFileReference; lastKnownFileType = sourcecode.c.objc; path = main.m; sourceTree = "<group>"; };
/* End PBXFileReference section */

/* Begin PBXFrameworksBuildPhase section */
		86279B3E20AAE2DC00DCBCCA /* Frameworks */ = {
			isa = PBXFrameworksBuildPhase;
			buildActionMask = 2147483647;
			files = (
			);
			runOnlyForDeploymentPostprocessing = 0;
		};
/* End PBXFrameworksBuildPhase section */

/* Begin PBXGroup section */
		86279B3820AAE2DC00DCBCCA = {
			isa = PBXGroup;
			children = (
				86279B4320AAE2DC00DCBCCA /* test2.1.7 */,
				86279B4220AAE2DC00DCBCCA /* Products */,
			);
			sourceTree = "<group>";
		};
		86279B4220AAE2DC00DCBCCA /* Products */ = {
			isa = PBXGroup;
			children = (
				86279B4120AAE2DC00DCBCCA /* test2.1.7.app */,
			);
			name = Products;
			sourceTree = "<group>";
		};
		86279B4320AAE2DC00DCBCCA /* test2.1.7 */ = {
			isa = PBXGroup;
			children = (
				86279B4420AAE2DC00DCBCCA /* AppDelegate.h */,
				86279B4520AAE2DC00DCBCCA /* AppDelegate.m */,
				86279B4720AAE2DC00DCBCCA /* ViewController.h */,
				86279B4820AAE2DC00DCBCCA /* ViewController.m */,
				86279B4A20AAE2DC00DCBCCA /* Main.storyboard */,
				86279B4D20AAE2DD00DCBCCA /* Assets.xcassets */,
				86279B4F20AAE2DD00DCBCCA /* LaunchScreen.storyboard */,
				86279B5220AAE2DD00DCBCCA /* Info.plist */,
				86279B5320AAE2DD00DCBCCA /* main.m */,
			);
			path = test2.1.7;
			sourceTree = "<group>";
		};
/* End PBXGroup section */

/* Begin PBXNativeTarget section */
		86279B4020AAE2DC00DCBCCA /* test2.1.7 */ = {
			isa = PBXNativeTarget;
			buildConfigurationList = 86279B5720AAE2DD00DCBCCA /* Build configuration list for PBXNativeTarget "test2.1.7" */;
			buildPhases = (
				86279B3D20AAE2DC00DCBCCA /* Sources */,
				86279B3E20AAE2DC00DCBCCA /* Frameworks */,
				86279B3F20AAE2DC00DCBCCA /* Resources */,
			);
			buildRules = (
			);
			dependencies = (
			);
			name = test2.1.7;
			productName = test2.1.7;
			productReference = 86279B4120AAE2DC00DCBCCA /* test2.1.7.app */;
			productType = "com.apple.product-type.application";
		};
/* End PBXNativeTarget section */

/* Begin PBXProject section */
		86279B3920AAE2DC00DCBCCA /* Project object */ = {
			isa = PBXProject;
			attributes = {
				LastUpgradeCheck = 0930;
				ORGANIZATIONNAME = "Daichi Take";
				TargetAttributes = {
					86279B4020AAE2DC00DCBCCA = {
						CreatedOnToolsVersion = 9.3;
					};
				};
			};
			buildConfigurationList = 86279B3C20AAE2DC00DCBCCA /* Build configuration list for PBXProject "test2.1.7" */;
			compatibilityVersion = "Xcode 9.3";
			developmentRegion = en;
			hasScannedForEncodings = 0;
			knownRegions = (
				en,
				Base,
			);
			mainGroup = 86279B3820AAE2DC00DCBCCA;
			productRefGroup = 86279B4220AAE2DC00DCBCCA /* Products */;
			projectDirPath = "";
			projectRoot = "";
			targets = (
				86279B4020AAE2DC00DCBCCA /* test2.1.7 */,
			);
		};
/* End PBXProject section */

/* Begin PBXResourcesBuildPhase section */
		86279B3F20AAE2DC00DCBCCA /* Resources */ = {
			isa = PBXResourcesBuildPhase;
			buildActionMask = 2147483647;
			files = (
				86279B5120AAE2DD00DCBCCA /* LaunchScreen.storyboard in Resources */,
				86279B4E20AAE2DD00DCBCCA /* Assets.xcassets in Resources */,
				86279B4C20AAE2DC00DCBCCA /* Main.storyboard in Resources */,
			);
			runOnlyForDeploymentPostprocessing = 0;
		};
/* End PBXResourcesBuildPhase section */

/* Begin PBXSourcesBuildPhase section */
		86279B3D20AAE2DC00DCBCCA /* Sources */ = {
			isa = PBXSourcesBuildPhase;
			buildActionMask = 2147483647;
			files = (
				86279B4920AAE2DC00DCBCCA /* ViewController.m in Sources */,
				86279B5420AAE2DD00DCBCCA /* main.m in Sources */,
				86279B4620AAE2DC00DCBCCA /* AppDelegate.m in Sources */,
			);
			runOnlyForDeploymentPostprocessing = 0;
		};
/* End PBXSourcesBuildPhase section */

/* Begin PBXVariantGroup section */
		86279B4A20AAE2DC00DCBCCA /* Main.storyboard */ = {
			isa = PBXVariantGroup;
			children = (
				86279B4B20AAE2DC00DCBCCA /* Base */,
			);
			name = Main.storyboard;
			sourceTree = "<group>";
		};
		86279B4F20AAE2DD00DCBCCA /* LaunchScreen.storyboard */ = {
			isa = PBXVariantGroup;
			children = (
				86279B5020AAE2DD00DCBCCA /* Base */,
			);
			name = LaunchScreen.storyboard;
			sourceTree = "<group>";
		};
/* End PBXVariantGroup section */

/* Begin XCBuildConfiguration section */
		86279B5520AAE2DD00DCBCCA /* Debug */ = {
			isa = XCBuildConfiguration;
			buildSettings = {
				ALWAYS_SEARCH_USER_PATHS = NO;
				CLANG_ANALYZER_NONNULL = YES;
				CLANG_ANALYZER_NUMBER_OBJECT_CONVERSION = YES_AGGRESSIVE;
				CLANG_CXX_LANGUAGE_STANDARD = "gnu++14";
				CLANG_CXX_LIBRARY = "libc++";
				CLANG_ENABLE_MODULES = YES;
				CLANG_ENABLE_OBJC_ARC = YES;
				CLANG_ENABLE_OBJC_WEAK = YES;
				CLANG_WARN_BLOCK_CAPTURE_AUTORELEASING = YES;
				CLANG_WARN_BOOL_CONVERSION = YES;
				CLANG_WARN_COMMA = YES;
				CLANG_WARN_CONSTANT_CONVERSION = YES;
				CLANG_WARN_DEPRECATED_OBJC_IMPLEMENTATIONS = YES;
				CLANG_WARN_DIRECT_OBJC_ISA_USAGE = YES_ERROR;
				CLANG_WARN_DOCUMENTATION_COMMENTS = YES;
				CLANG_WARN_EMPTY_BODY = YES;
				CLANG_WARN_ENUM_CONVERSION = YES;
				CLANG_WARN_INFINITE_RECURSION = YES;
				CLANG_WARN_INT_CONVERSION = YES;
				CLANG_WARN_NON_LITERAL_NULL_CONVERSION = YES;
				CLANG_WARN_OBJC_IMPLICIT_RETAIN_SELF = YES;
				CLANG_WARN_OBJC_LITERAL_CONVERSION = YES;
				CLANG_WARN_OBJC_ROOT_CLASS = YES_ERROR;
				CLANG_WARN_RANGE_LOOP_ANALYSIS = YES;
				CLANG_WARN_STRICT_PROTOTYPES = YES;
				CLANG_WARN_SUSPICIOUS_MOVE = YES;
				CLANG_WARN_UNGUARDED_AVAILABILITY = YES_AGGRESSIVE;
				CLANG_WARN_UNREACHABLE_CODE = YES;
				CLANG_WARN__DUPLICATE_METHOD_MATCH = YES;
				CODE_SIGN_IDENTITY = "iPhone Developer";
				COPY_PHASE_STRIP = NO;
				DEBUG_INFORMATION_FORMAT = dwarf;
				ENABLE_STRICT_OBJC_MSGSEND = YES;
				ENABLE_TESTABILITY = YES;
				GCC_C_LANGUAGE_STANDARD = gnu11;
				GCC_DYNAMIC_NO_PIC = NO;
				GCC_NO_COMMON_BLOCKS = YES;
				GCC_OPTIMIZATION_LEVEL = 0;
				GCC_PREPROCESSOR_DEFINITIONS = (
					"DEBUG=1",
					"$(inherited)",
				);
				GCC_WARN_64_TO_32_BIT_CONVERSION = YES;
				GCC_WARN_ABOUT_RETURN_TYPE = YES_ERROR;
				GCC_WARN_UNDECLARED_SELECTOR = YES;
				GCC_WARN_UNINITIALIZED_AUTOS = YES_AGGRESSIVE;
				GCC_WARN_UNUSED_FUNCTION = YES;
				GCC_WARN_UNUSED_VARIABLE = YES;
				IPHONEOS_DEPLOYMENT_TARGET = 11.3;
				MTL_ENABLE_DEBUG_INFO = YES;
				ONLY_ACTIVE_ARCH = YES;
				SDKROOT = iphoneos;
			};
			name = Debug;
		};
		86279B5620AAE2DD00DCBCCA /* Release */ = {
			isa = XCBuildConfiguration;
			buildSettings = {
				ALWAYS_SEARCH_USER_PATHS = NO;
				CLANG_ANALYZER_NONNULL = YES;
				CLANG_ANALYZER_NUMBER_OBJECT_CONVERSION = YES_AGGRESSIVE;
				CLANG_CXX_LANGUAGE_STANDARD = "gnu++14";
				CLANG_CXX_LIBRARY = "libc++";
				CLANG_ENABLE_MODULES = YES;
				CLANG_ENABLE_OBJC_ARC = YES;
				CLANG_ENABLE_OBJC_WEAK = YES;
				CLANG_WARN_BLOCK_CAPTURE_AUTORELEASING = YES;
				CLANG_WARN_BOOL_CONVERSION = YES;
				CLANG_WARN_COMMA = YES;
				CLANG_WARN_CONSTANT_CONVERSION = YES;
				CLANG_WARN_DEPRECATED_OBJC_IMPLEMENTATIONS = YES;
				CLANG_WARN_DIRECT_OBJC_ISA_USAGE = YES_ERROR;
				CLANG_WARN_DOCUMENTATION_COMMENTS = YES;
				CLANG_WARN_EMPTY_BODY = YES;
				CLANG_WARN_ENUM_CONVERSION = YES;
				CLANG_WARN_INFINITE_RECURSION = YES;
				CLANG_WARN_INT_CONVERSION = YES;
				CLANG_WARN_NON_LITERAL_NULL_CONVERSION = YES;
				CLANG_WARN_OBJC_IMPLICIT_RETAIN_SELF = YES;
				CLANG_WARN_OBJC_LITERAL_CONVERSION = YES;
				CLANG_WARN_OBJC_ROOT_CLASS = YES_ERROR;
				CLANG_WARN_RANGE_LOOP_ANALYSIS = YES;
				CLANG_WARN_STRICT_PROTOTYPES = YES;
				CLANG_WARN_SUSPICIOUS_MOVE = YES;
				CLANG_WARN_UNGUARDED_AVAILABILITY = YES_AGGRESSIVE;
				CLANG_WARN_UNREACHABLE_CODE = YES;
				CLANG_WARN__DUPLICATE_METHOD_MATCH = YES;
				CODE_SIGN_IDENTITY = "iPhone Developer";
				COPY_PHASE_STRIP = NO;
				DEBUG_INFORMATION_FORMAT = "dwarf-with-dsym";
				ENABLE_NS_ASSERTIONS = NO;
				ENABLE_STRICT_OBJC_MSGSEND = YES;
				GCC_C_LANGUAGE_STANDARD = gnu11;
				GCC_NO_COMMON_BLOCKS = YES;
				GCC_WARN_64_TO_32_BIT_CONVERSION = YES;
				GCC_WARN_ABOUT_RETURN_TYPE = YES_ERROR;
				GCC_WARN_UNDECLARED_SELECTOR = YES;
				GCC_WARN_UNINITIALIZED_AUTOS = YES_AGGRESSIVE;
				GCC_WARN_UNUSED_FUNCTION = YES;
				GCC_WARN_UNUSED_VARIABLE = YES;
				IPHONEOS_DEPLOYMENT_TARGET = 11.3;
				MTL_ENABLE_DEBUG_INFO = NO;
				SDKROOT = iphoneos;
				VALIDATE_PRODUCT = YES;
			};
			name = Release;
		};
		86279B5820AAE2DD00DCBCCA /* Debug */ = {
			isa = XCBuildConfiguration;
			buildSettings = {
				ASSETCATALOG_COMPILER_APPICON_NAME = AppIcon;
				CODE_SIGN_STYLE = Automatic;
				DEVELOPMENT_TEAM = 5369P4CA3K;
				INFOPLIST_FILE = test2.1.7/Info.plist;
				LD_RUNPATH_SEARCH_PATHS = (
					"$(inherited)",
					"@executable_path/Frameworks",
				);
				PRODUCT_BUNDLE_IDENTIFIER = "com.daichi.test2-1-7";
				PRODUCT_NAME = "$(TARGET_NAME)";
				TARGETED_DEVICE_FAMILY = "1,2";
			};
			name = Debug;
		};
		86279B5920AAE2DD00DCBCCA /* Release */ = {
			isa = XCBuildConfiguration;
			buildSettings = {
				ASSETCATALOG_COMPILER_APPICON_NAME = AppIcon;
				CODE_SIGN_STYLE = Automatic;
				DEVELOPMENT_TEAM = 5369P4CA3K;
				INFOPLIST_FILE = test2.1.7/Info.plist;
				LD_RUNPATH_SEARCH_PATHS = (
					"$(inherited)",
					"@executable_path/Frameworks",
				);
				PRODUCT_BUNDLE_IDENTIFIER = "com.daichi.test2-1-7";
				PRODUCT_NAME = "$(TARGET_NAME)";
				TARGETED_DEVICE_FAMILY = "1,2";
			};
			name = Release;
		};
/* End XCBuildConfiguration section */

/* Begin XCConfigurationList section */
		86279B3C20AAE2DC00DCBCCA /* Build configuration list for PBXProject "test2.1.7" */ = {
			isa = XCConfigurationList;
			buildConfigurations = (
				86279B5520AAE2DD00DCBCCA /* Debug */,
				86279B5620AAE2DD00DCBCCA /* Release */,
			);
			defaultConfigurationIsVisible = 0;
			defaultConfigurationName = Release;
		};
		86279B5720AAE2DD00DCBCCA /* Build configuration list for PBXNativeTarget "test2.1.7" */ = {
			isa = XCConfigurationList;
			buildConfigurations = (
				86279B5820AAE2DD00DCBCCA /* Debug */,
				86279B5920AAE2DD00DCBCCA /* Release */,
			);
			defaultConfigurationIsVisible = 0;
			defaultConfigurationName = Release;
		};
/* End XCConfigurationList section */
	};
	rootObject = 86279B3920AAE2DC00DCBCCA /* Project object */;
}
