// !$*UTF8*$!
{
	archiveVersion = 1;
	classes = {
	};
	objectVersion = 50;
	objects = {

/* Begin PBXBuildFile section */
		860D781520A57C9E004CA468 /* AppDelegate.m in Sources */ = {isa = PBXBuildFile; fileRef = 860D781420A57C9E004CA468 /* AppDelegate.m */; };
		860D781820A57C9E004CA468 /* ViewController.m in Sources */ = {isa = PBXBuildFile; fileRef = 860D781720A57C9E004CA468 /* ViewController.m */; };
		860D781B20A57C9E004CA468 /* Main.storyboard in Resources */ = {isa = PBXBuildFile; fileRef = 860D781920A57C9E004CA468 /* Main.storyboard */; };
		860D781D20A57CA0004CA468 /* Assets.xcassets in Resources */ = {isa = PBXBuildFile; fileRef = 860D781C20A57CA0004CA468 /* Assets.xcassets */; };
		860D782020A57CA0004CA468 /* LaunchScreen.storyboard in Resources */ = {isa = PBXBuildFile; fileRef = 860D781E20A57CA0004CA468 /* LaunchScreen.storyboard */; };
		860D782320A57CA0004CA468 /* main.m in Sources */ = {isa = PBXBuildFile; fileRef = 860D782220A57CA0004CA468 /* main.m */; };
		860D782B20A57EA1004CA468 /* Localizable.strings in Resources */ = {isa = PBXBuildFile; fileRef = 860D782D20A57EA1004CA468 /* Localizable.strings */; };
/* End PBXBuildFile section */

/* Begin PBXFileReference section */
		860D781020A57C9E004CA468 /* StvProject2.1.1-2.app */ = {isa = PBXFileReference; explicitFileType = wrapper.application; includeInIndex = 0; path = "StvProject2.1.1-2.app"; sourceTree = BUILT_PRODUCTS_DIR; };
		860D781320A57C9E004CA468 /* AppDelegate.h */ = {isa = PBXFileReference; lastKnownFileType = sourcecode.c.h; path = AppDelegate.h; sourceTree = "<group>"; };
		860D781420A57C9E004CA468 /* AppDelegate.m */ = {isa = PBXFileReference; lastKnownFileType = sourcecode.c.objc; path = AppDelegate.m; sourceTree = "<group>"; };
		860D781620A57C9E004CA468 /* ViewController.h */ = {isa = PBXFileReference; lastKnownFileType = sourcecode.c.h; path = ViewController.h; sourceTree = "<group>"; };
		860D781720A57C9E004CA468 /* ViewController.m */ = {isa = PBXFileReference; lastKnownFileType = sourcecode.c.objc; path = ViewController.m; sourceTree = "<group>"; };
		860D781A20A57C9E004CA468 /* Base */ = {isa = PBXFileReference; lastKnownFileType = file.storyboard; name = Base; path = Base.lproj/Main.storyboard; sourceTree = "<group>"; };
		860D781C20A57CA0004CA468 /* Assets.xcassets */ = {isa = PBXFileReference; lastKnownFileType = folder.assetcatalog; path = Assets.xcassets; sourceTree = "<group>"; };
		860D781F20A57CA0004CA468 /* Base */ = {isa = PBXFileReference; lastKnownFileType = file.storyboard; name = Base; path = Base.lproj/LaunchScreen.storyboard; sourceTree = "<group>"; };
		860D782120A57CA0004CA468 /* Info.plist */ = {isa = PBXFileReference; lastKnownFileType = text.plist.xml; path = Info.plist; sourceTree = "<group>"; };
		860D782220A57CA0004CA468 /* main.m */ = {isa = PBXFileReference; lastKnownFileType = sourcecode.c.objc; path = main.m; sourceTree = "<group>"; };
		860D782E20A57EB9004CA468 /* ja */ = {isa = PBXFileReference; lastKnownFileType = text.plist.strings; name = ja; path = ja.lproj/Localizable.strings; sourceTree = "<group>"; };
		860D782F20A57EB9004CA468 /* ja */ = {isa = PBXFileReference; lastKnownFileType = text.plist.strings; name = ja; path = ja.lproj/Main.strings; sourceTree = "<group>"; };
		860D783020A57EB9004CA468 /* ja */ = {isa = PBXFileReference; lastKnownFileType = text.plist.strings; name = ja; path = ja.lproj/LaunchScreen.strings; sourceTree = "<group>"; };
		860D783120A57ED9004CA468 /* Base */ = {isa = PBXFileReference; lastKnownFileType = text.plist.strings; name = Base; path = Base.lproj/Localizable.strings; sourceTree = "<group>"; };
/* End PBXFileReference section */

/* Begin PBXFrameworksBuildPhase section */
		860D780D20A57C9E004CA468 /* Frameworks */ = {
			isa = PBXFrameworksBuildPhase;
			buildActionMask = 2147483647;
			files = (
			);
			runOnlyForDeploymentPostprocessing = 0;
		};
/* End PBXFrameworksBuildPhase section */

/* Begin PBXGroup section */
		860D780720A57C9E004CA468 = {
			isa = PBXGroup;
			children = (
				860D781220A57C9E004CA468 /* StvProject2.1.1-2 */,
				860D781120A57C9E004CA468 /* Products */,
			);
			sourceTree = "<group>";
		};
		860D781120A57C9E004CA468 /* Products */ = {
			isa = PBXGroup;
			children = (
				860D781020A57C9E004CA468 /* StvProject2.1.1-2.app */,
			);
			name = Products;
			sourceTree = "<group>";
		};
		860D781220A57C9E004CA468 /* StvProject2.1.1-2 */ = {
			isa = PBXGroup;
			children = (
				860D781320A57C9E004CA468 /* AppDelegate.h */,
				860D781420A57C9E004CA468 /* AppDelegate.m */,
				860D781620A57C9E004CA468 /* ViewController.h */,
				860D781720A57C9E004CA468 /* ViewController.m */,
				860D781920A57C9E004CA468 /* Main.storyboard */,
				860D782D20A57EA1004CA468 /* Localizable.strings */,
				860D781C20A57CA0004CA468 /* Assets.xcassets */,
				860D781E20A57CA0004CA468 /* LaunchScreen.storyboard */,
				860D782120A57CA0004CA468 /* Info.plist */,
				860D782220A57CA0004CA468 /* main.m */,
			);
			path = "StvProject2.1.1-2";
			sourceTree = "<group>";
		};
/* End PBXGroup section */

/* Begin PBXNativeTarget section */
		860D780F20A57C9E004CA468 /* StvProject2.1.1-2 */ = {
			isa = PBXNativeTarget;
			buildConfigurationList = 860D782620A57CA0004CA468 /* Build configuration list for PBXNativeTarget "StvProject2.1.1-2" */;
			buildPhases = (
				860D780C20A57C9E004CA468 /* Sources */,
				860D780D20A57C9E004CA468 /* Frameworks */,
				860D780E20A57C9E004CA468 /* Resources */,
			);
			buildRules = (
			);
			dependencies = (
			);
			name = "StvProject2.1.1-2";
			productName = "StvProject2.1.1-2";
			productReference = 860D781020A57C9E004CA468 /* StvProject2.1.1-2.app */;
			productType = "com.apple.product-type.application";
		};
/* End PBXNativeTarget section */

/* Begin PBXProject section */
		860D780820A57C9E004CA468 /* Project object */ = {
			isa = PBXProject;
			attributes = {
				LastUpgradeCheck = 0930;
				ORGANIZATIONNAME = "Daichi Take";
				TargetAttributes = {
					860D780F20A57C9E004CA468 = {
						CreatedOnToolsVersion = 9.3;
					};
				};
			};
			buildConfigurationList = 860D780B20A57C9E004CA468 /* Build configuration list for PBXProject "StvProject2.1.1" */;
			compatibilityVersion = "Xcode 9.3";
			developmentRegion = en;
			hasScannedForEncodings = 0;
			knownRegions = (
				en,
				Base,
				ja,
			);
			mainGroup = 860D780720A57C9E004CA468;
			productRefGroup = 860D781120A57C9E004CA468 /* Products */;
			projectDirPath = "";
			projectRoot = "";
			targets = (
				860D780F20A57C9E004CA468 /* StvProject2.1.1-2 */,
			);
		};
/* End PBXProject section */

/* Begin PBXResourcesBuildPhase section */
		860D780E20A57C9E004CA468 /* Resources */ = {
			isa = PBXResourcesBuildPhase;
			buildActionMask = 2147483647;
			files = (
				860D782020A57CA0004CA468 /* LaunchScreen.storyboard in Resources */,
				860D782B20A57EA1004CA468 /* Localizable.strings in Resources */,
				860D781D20A57CA0004CA468 /* Assets.xcassets in Resources */,
				860D781B20A57C9E004CA468 /* Main.storyboard in Resources */,
			);
			runOnlyForDeploymentPostprocessing = 0;
		};
/* End PBXResourcesBuildPhase section */

/* Begin PBXSourcesBuildPhase section */
		860D780C20A57C9E004CA468 /* Sources */ = {
			isa = PBXSourcesBuildPhase;
			buildActionMask = 2147483647;
			files = (
				860D781820A57C9E004CA468 /* ViewController.m in Sources */,
				860D782320A57CA0004CA468 /* main.m in Sources */,
				860D781520A57C9E004CA468 /* AppDelegate.m in Sources */,
			);
			runOnlyForDeploymentPostprocessing = 0;
		};
/* End PBXSourcesBuildPhase section */

/* Begin PBXVariantGroup section */
		860D781920A57C9E004CA468 /* Main.storyboard */ = {
			isa = PBXVariantGroup;
			children = (
				860D781A20A57C9E004CA468 /* Base */,
				860D782F20A57EB9004CA468 /* ja */,
			);
			name = Main.storyboard;
			sourceTree = "<group>";
		};
		860D781E20A57CA0004CA468 /* LaunchScreen.storyboard */ = {
			isa = PBXVariantGroup;
			children = (
				860D781F20A57CA0004CA468 /* Base */,
				860D783020A57EB9004CA468 /* ja */,
			);
			name = LaunchScreen.storyboard;
			sourceTree = "<group>";
		};
		860D782D20A57EA1004CA468 /* Localizable.strings */ = {
			isa = PBXVariantGroup;
			children = (
				860D782E20A57EB9004CA468 /* ja */,
				860D783120A57ED9004CA468 /* Base */,
			);
			name = Localizable.strings;
			sourceTree = "<group>";
		};
/* End PBXVariantGroup section */

/* Begin XCBuildConfiguration section */
		860D782420A57CA0004CA468 /* Debug */ = {
			isa = XCBuildConfiguration;
			buildSettings = {
				ALWAYS_SEARCH_USER_PATHS = NO;
				CLANG_ANALYZER_LOCALIZABILITY_NONLOCALIZED = YES;
				CLANG_ANALYZER_NONNULL = YES;
				CLANG_ANALYZER_NUMBER_OBJECT_CONVERSION = YES_AGGRESSIVE;
				CLANG_CXX_LANGUAGE_STANDARD = "gnu++14";
				CLANG_CXX_LIBRARY = "libc++";
				CLANG_ENABLE_MODULES = YES;
				CLANG_ENABLE_OBJC_ARC = YES;
				CLANG_ENABLE_OBJC_WEAK = YES;
				CLANG_WARN_BLOCK_CAPTURE_AUTORELEASING = YES;
				CLANG_WARN_BOOL_CONVERSION = YES;
				CLANG_WARN_COMMA = YES;
				CLANG_WARN_CONSTANT_CONVERSION = YES;
				CLANG_WARN_DEPRECATED_OBJC_IMPLEMENTATIONS = YES;
				CLANG_WARN_DIRECT_OBJC_ISA_USAGE = YES_ERROR;
				CLANG_WARN_DOCUMENTATION_COMMENTS = YES;
				CLANG_WARN_EMPTY_BODY = YES;
				CLANG_WARN_ENUM_CONVERSION = YES;
				CLANG_WARN_INFINITE_RECURSION = YES;
				CLANG_WARN_INT_CONVERSION = YES;
				CLANG_WARN_NON_LITERAL_NULL_CONVERSION = YES;
				CLANG_WARN_OBJC_IMPLICIT_RETAIN_SELF = YES;
				CLANG_WARN_OBJC_LITERAL_CONVERSION = YES;
				CLANG_WARN_OBJC_ROOT_CLASS = YES_ERROR;
				CLANG_WARN_RANGE_LOOP_ANALYSIS = YES;
				CLANG_WARN_STRICT_PROTOTYPES = YES;
				CLANG_WARN_SUSPICIOUS_MOVE = YES;
				CLANG_WARN_UNGUARDED_AVAILABILITY = YES_AGGRESSIVE;
				CLANG_WARN_UNREACHABLE_CODE = YES;
				CLANG_WARN__DUPLICATE_METHOD_MATCH = YES;
				CODE_SIGN_IDENTITY = "iPhone Developer";
				COPY_PHASE_STRIP = NO;
				DEBUG_INFORMATION_FORMAT = dwarf;
				ENABLE_STRICT_OBJC_MSGSEND = YES;
				ENABLE_TESTABILITY = YES;
				GCC_C_LANGUAGE_STANDARD = gnu11;
				GCC_DYNAMIC_NO_PIC = NO;
				GCC_NO_COMMON_BLOCKS = YES;
				GCC_OPTIMIZATION_LEVEL = 0;
				GCC_PREPROCESSOR_DEFINITIONS = (
					"DEBUG=1",
					"$(inherited)",
				);
				GCC_WARN_64_TO_32_BIT_CONVERSION = YES;
				GCC_WARN_ABOUT_RETURN_TYPE = YES_ERROR;
				GCC_WARN_UNDECLARED_SELECTOR = YES;
				GCC_WARN_UNINITIALIZED_AUTOS = YES_AGGRESSIVE;
				GCC_WARN_UNUSED_FUNCTION = YES;
				GCC_WARN_UNUSED_VARIABLE = YES;
				IPHONEOS_DEPLOYMENT_TARGET = 11.3;
				MTL_ENABLE_DEBUG_INFO = YES;
				ONLY_ACTIVE_ARCH = YES;
				SDKROOT = iphoneos;
			};
			name = Debug;
		};
		860D782520A57CA0004CA468 /* Release */ = {
			isa = XCBuildConfiguration;
			buildSettings = {
				ALWAYS_SEARCH_USER_PATHS = NO;
				CLANG_ANALYZER_LOCALIZABILITY_NONLOCALIZED = YES;
				CLANG_ANALYZER_NONNULL = YES;
				CLANG_ANALYZER_NUMBER_OBJECT_CONVERSION = YES_AGGRESSIVE;
				CLANG_CXX_LANGUAGE_STANDARD = "gnu++14";
				CLANG_CXX_LIBRARY = "libc++";
				CLANG_ENABLE_MODULES = YES;
				CLANG_ENABLE_OBJC_ARC = YES;
				CLANG_ENABLE_OBJC_WEAK = YES;
				CLANG_WARN_BLOCK_CAPTURE_AUTORELEASING = YES;
				CLANG_WARN_BOOL_CONVERSION = YES;
				CLANG_WARN_COMMA = YES;
				CLANG_WARN_CONSTANT_CONVERSION = YES;
				CLANG_WARN_DEPRECATED_OBJC_IMPLEMENTATIONS = YES;
				CLANG_WARN_DIRECT_OBJC_ISA_USAGE = YES_ERROR;
				CLANG_WARN_DOCUMENTATION_COMMENTS = YES;
				CLANG_WARN_EMPTY_BODY = YES;
				CLANG_WARN_ENUM_CONVERSION = YES;
				CLANG_WARN_INFINITE_RECURSION = YES;
				CLANG_WARN_INT_CONVERSION = YES;
				CLANG_WARN_NON_LITERAL_NULL_CONVERSION = YES;
				CLANG_WARN_OBJC_IMPLICIT_RETAIN_SELF = YES;
				CLANG_WARN_OBJC_LITERAL_CONVERSION = YES;
				CLANG_WARN_OBJC_ROOT_CLASS = YES_ERROR;
				CLANG_WARN_RANGE_LOOP_ANALYSIS = YES;
				CLANG_WARN_STRICT_PROTOTYPES = YES;
				CLANG_WARN_SUSPICIOUS_MOVE = YES;
				CLANG_WARN_UNGUARDED_AVAILABILITY = YES_AGGRESSIVE;
				CLANG_WARN_UNREACHABLE_CODE = YES;
				CLANG_WARN__DUPLICATE_METHOD_MATCH = YES;
				CODE_SIGN_IDENTITY = "iPhone Developer";
				COPY_PHASE_STRIP = NO;
				DEBUG_INFORMATION_FORMAT = "dwarf-with-dsym";
				ENABLE_NS_ASSERTIONS = NO;
				ENABLE_STRICT_OBJC_MSGSEND = YES;
				GCC_C_LANGUAGE_STANDARD = gnu11;
				GCC_NO_COMMON_BLOCKS = YES;
				GCC_WARN_64_TO_32_BIT_CONVERSION = YES;
				GCC_WARN_ABOUT_RETURN_TYPE = YES_ERROR;
				GCC_WARN_UNDECLARED_SELECTOR = YES;
				GCC_WARN_UNINITIALIZED_AUTOS = YES_AGGRESSIVE;
				GCC_WARN_UNUSED_FUNCTION = YES;
				GCC_WARN_UNUSED_VARIABLE = YES;
				IPHONEOS_DEPLOYMENT_TARGET = 11.3;
				MTL_ENABLE_DEBUG_INFO = NO;
				SDKROOT = iphoneos;
				VALIDATE_PRODUCT = YES;
			};
			name = Release;
		};
		860D782720A57CA0004CA468 /* Debug */ = {
			isa = XCBuildConfiguration;
			buildSettings = {
				ASSETCATALOG_COMPILER_APPICON_NAME = AppIcon;
				CODE_SIGN_STYLE = Automatic;
				DEVELOPMENT_TEAM = "";
				INFOPLIST_FILE = "StvProject2.1.1-2/Info.plist";
				LD_RUNPATH_SEARCH_PATHS = (
					"$(inherited)",
					"@executable_path/Frameworks",
				);
				PRODUCT_BUNDLE_IDENTIFIER = "com.daichi.StvProject2-1-1-2";
				PRODUCT_NAME = "$(TARGET_NAME)";
				TARGETED_DEVICE_FAMILY = "1,2";
			};
			name = Debug;
		};
		860D782820A57CA0004CA468 /* Release */ = {
			isa = XCBuildConfiguration;
			buildSettings = {
				ASSETCATALOG_COMPILER_APPICON_NAME = AppIcon;
				CODE_SIGN_STYLE = Automatic;
				DEVELOPMENT_TEAM = "";
				INFOPLIST_FILE = "StvProject2.1.1-2/Info.plist";
				LD_RUNPATH_SEARCH_PATHS = (
					"$(inherited)",
					"@executable_path/Frameworks",
				);
				PRODUCT_BUNDLE_IDENTIFIER = "com.daichi.StvProject2-1-1-2";
				PRODUCT_NAME = "$(TARGET_NAME)";
				TARGETED_DEVICE_FAMILY = "1,2";
			};
			name = Release;
		};
/* End XCBuildConfiguration section */

/* Begin XCConfigurationList section */
		860D780B20A57C9E004CA468 /* Build configuration list for PBXProject "StvProject2.1.1" */ = {
			isa = XCConfigurationList;
			buildConfigurations = (
				860D782420A57CA0004CA468 /* Debug */,
				860D782520A57CA0004CA468 /* Release */,
			);
			defaultConfigurationIsVisible = 0;
			defaultConfigurationName = Release;
		};
		860D782620A57CA0004CA468 /* Build configuration list for PBXNativeTarget "StvProject2.1.1-2" */ = {
			isa = XCConfigurationList;
			buildConfigurations = (
				860D782720A57CA0004CA468 /* Debug */,
				860D782820A57CA0004CA468 /* Release */,
			);
			defaultConfigurationIsVisible = 0;
			defaultConfigurationName = Release;
		};
/* End XCConfigurationList section */
	};
	rootObject = 860D780820A57C9E004CA468 /* Project object */;
}
