// !$*UTF8*$!
{
	archiveVersion = 1;
	classes = {
	};
	objectVersion = 50;
	objects = {

/* Begin PBXBuildFile section */
		10CDCE0EC4D5F2239B220039 /* libPods-StvProject2.4.4.a in Frameworks */ = {isa = PBXBuildFile; fileRef = ADE3FD583681B7C0AB945488 /* libPods-StvProject2.4.4.a */; };
		8605011220BB8B5B003540AC /* WeatherTableViewCell.m in Sources */ = {isa = PBXBuildFile; fileRef = 8605011120BB8B5B003540AC /* WeatherTableViewCell.m */; };
		8605011520BB8B84003540AC /* Weather.m in Sources */ = {isa = PBXBuildFile; fileRef = 8605011420BB8B84003540AC /* Weather.m */; };
		8605011820BB8B94003540AC /* Model.m in Sources */ = {isa = PBXBuildFile; fileRef = 8605011720BB8B94003540AC /* Model.m */; };
		86B4CF7D20BB7E4A0083E90B /* AppDelegate.m in Sources */ = {isa = PBXBuildFile; fileRef = 86B4CF7C20BB7E4A0083E90B /* AppDelegate.m */; };
		86B4CF8020BB7E4A0083E90B /* ViewController.m in Sources */ = {isa = PBXBuildFile; fileRef = 86B4CF7F20BB7E4A0083E90B /* ViewController.m */; };
		86B4CF8320BB7E4A0083E90B /* Main.storyboard in Resources */ = {isa = PBXBuildFile; fileRef = 86B4CF8120BB7E4A0083E90B /* Main.storyboard */; };
		86B4CF8520BB7E4B0083E90B /* Assets.xcassets in Resources */ = {isa = PBXBuildFile; fileRef = 86B4CF8420BB7E4B0083E90B /* Assets.xcassets */; };
		86B4CF8820BB7E4B0083E90B /* LaunchScreen.storyboard in Resources */ = {isa = PBXBuildFile; fileRef = 86B4CF8620BB7E4B0083E90B /* LaunchScreen.storyboard */; };
		86B4CF8B20BB7E4B0083E90B /* main.m in Sources */ = {isa = PBXBuildFile; fileRef = 86B4CF8A20BB7E4B0083E90B /* main.m */; };
/* End PBXBuildFile section */

/* Begin PBXFileReference section */
		53456903E5E88E6E333D509F /* Pods-StvProject2.4.4.release.xcconfig */ = {isa = PBXFileReference; includeInIndex = 1; lastKnownFileType = text.xcconfig; name = "Pods-StvProject2.4.4.release.xcconfig"; path = "Pods/Target Support Files/Pods-StvProject2.4.4/Pods-StvProject2.4.4.release.xcconfig"; sourceTree = "<group>"; };
		66B23477352077DDAD9C119F /* Pods-StvProject2.4.4.debug.xcconfig */ = {isa = PBXFileReference; includeInIndex = 1; lastKnownFileType = text.xcconfig; name = "Pods-StvProject2.4.4.debug.xcconfig"; path = "Pods/Target Support Files/Pods-StvProject2.4.4/Pods-StvProject2.4.4.debug.xcconfig"; sourceTree = "<group>"; };
		8605011020BB8B5B003540AC /* WeatherTableViewCell.h */ = {isa = PBXFileReference; lastKnownFileType = sourcecode.c.h; path = WeatherTableViewCell.h; sourceTree = "<group>"; };
		8605011120BB8B5B003540AC /* WeatherTableViewCell.m */ = {isa = PBXFileReference; lastKnownFileType = sourcecode.c.objc; path = WeatherTableViewCell.m; sourceTree = "<group>"; };
		8605011320BB8B84003540AC /* Weather.h */ = {isa = PBXFileReference; lastKnownFileType = sourcecode.c.h; path = Weather.h; sourceTree = "<group>"; };
		8605011420BB8B84003540AC /* Weather.m */ = {isa = PBXFileReference; lastKnownFileType = sourcecode.c.objc; path = Weather.m; sourceTree = "<group>"; };
		8605011620BB8B94003540AC /* Model.h */ = {isa = PBXFileReference; lastKnownFileType = sourcecode.c.h; path = Model.h; sourceTree = "<group>"; };
		8605011720BB8B94003540AC /* Model.m */ = {isa = PBXFileReference; lastKnownFileType = sourcecode.c.objc; path = Model.m; sourceTree = "<group>"; };
		86B4CF7820BB7E4A0083E90B /* StvProject2.4.4.app */ = {isa = PBXFileReference; explicitFileType = wrapper.application; includeInIndex = 0; path = StvProject2.4.4.app; sourceTree = BUILT_PRODUCTS_DIR; };
		86B4CF7B20BB7E4A0083E90B /* AppDelegate.h */ = {isa = PBXFileReference; lastKnownFileType = sourcecode.c.h; path = AppDelegate.h; sourceTree = "<group>"; };
		86B4CF7C20BB7E4A0083E90B /* AppDelegate.m */ = {isa = PBXFileReference; lastKnownFileType = sourcecode.c.objc; path = AppDelegate.m; sourceTree = "<group>"; };
		86B4CF7E20BB7E4A0083E90B /* ViewController.h */ = {isa = PBXFileReference; lastKnownFileType = sourcecode.c.h; path = ViewController.h; sourceTree = "<group>"; };
		86B4CF7F20BB7E4A0083E90B /* ViewController.m */ = {isa = PBXFileReference; lastKnownFileType = sourcecode.c.objc; path = ViewController.m; sourceTree = "<group>"; };
		86B4CF8220BB7E4A0083E90B /* Base */ = {isa = PBXFileReference; lastKnownFileType = file.storyboard; name = Base; path = Base.lproj/Main.storyboard; sourceTree = "<group>"; };
		86B4CF8420BB7E4B0083E90B /* Assets.xcassets */ = {isa = PBXFileReference; lastKnownFileType = folder.assetcatalog; path = Assets.xcassets; sourceTree = "<group>"; };
		86B4CF8720BB7E4B0083E90B /* Base */ = {isa = PBXFileReference; lastKnownFileType = file.storyboard; name = Base; path = Base.lproj/LaunchScreen.storyboard; sourceTree = "<group>"; };
		86B4CF8920BB7E4B0083E90B /* Info.plist */ = {isa = PBXFileReference; lastKnownFileType = text.plist.xml; path = Info.plist; sourceTree = "<group>"; };
		86B4CF8A20BB7E4B0083E90B /* main.m */ = {isa = PBXFileReference; lastKnownFileType = sourcecode.c.objc; path = main.m; sourceTree = "<group>"; };
		ADE3FD583681B7C0AB945488 /* libPods-StvProject2.4.4.a */ = {isa = PBXFileReference; explicitFileType = archive.ar; includeInIndex = 0; path = "libPods-StvProject2.4.4.a"; sourceTree = BUILT_PRODUCTS_DIR; };
/* End PBXFileReference section */

/* Begin PBXFrameworksBuildPhase section */
		86B4CF7520BB7E4A0083E90B /* Frameworks */ = {
			isa = PBXFrameworksBuildPhase;
			buildActionMask = 2147483647;
			files = (
				10CDCE0EC4D5F2239B220039 /* libPods-StvProject2.4.4.a in Frameworks */,
			);
			runOnlyForDeploymentPostprocessing = 0;
		};
/* End PBXFrameworksBuildPhase section */

/* Begin PBXGroup section */
		6FC7F87C18B3D118272EC927 /* Pods */ = {
			isa = PBXGroup;
			children = (
				66B23477352077DDAD9C119F /* Pods-StvProject2.4.4.debug.xcconfig */,
				53456903E5E88E6E333D509F /* Pods-StvProject2.4.4.release.xcconfig */,
			);
			name = Pods;
			sourceTree = "<group>";
		};
		7B6D5729304144E3A57487C9 /* Frameworks */ = {
			isa = PBXGroup;
			children = (
				ADE3FD583681B7C0AB945488 /* libPods-StvProject2.4.4.a */,
			);
			name = Frameworks;
			sourceTree = "<group>";
		};
		86B4CF6F20BB7E4A0083E90B = {
			isa = PBXGroup;
			children = (
				86B4CF7A20BB7E4A0083E90B /* StvProject2.4.4 */,
				86B4CF7920BB7E4A0083E90B /* Products */,
				6FC7F87C18B3D118272EC927 /* Pods */,
				7B6D5729304144E3A57487C9 /* Frameworks */,
			);
			sourceTree = "<group>";
		};
		86B4CF7920BB7E4A0083E90B /* Products */ = {
			isa = PBXGroup;
			children = (
				86B4CF7820BB7E4A0083E90B /* StvProject2.4.4.app */,
			);
			name = Products;
			sourceTree = "<group>";
		};
		86B4CF7A20BB7E4A0083E90B /* StvProject2.4.4 */ = {
			isa = PBXGroup;
			children = (
				86B4CF7B20BB7E4A0083E90B /* AppDelegate.h */,
				86B4CF7C20BB7E4A0083E90B /* AppDelegate.m */,
				86B4CF7E20BB7E4A0083E90B /* ViewController.h */,
				86B4CF7F20BB7E4A0083E90B /* ViewController.m */,
				8605011620BB8B94003540AC /* Model.h */,
				8605011720BB8B94003540AC /* Model.m */,
				8605011320BB8B84003540AC /* Weather.h */,
				8605011420BB8B84003540AC /* Weather.m */,
				8605011020BB8B5B003540AC /* WeatherTableViewCell.h */,
				8605011120BB8B5B003540AC /* WeatherTableViewCell.m */,
				86B4CF8120BB7E4A0083E90B /* Main.storyboard */,
				86B4CF8420BB7E4B0083E90B /* Assets.xcassets */,
				86B4CF8620BB7E4B0083E90B /* LaunchScreen.storyboard */,
				86B4CF8920BB7E4B0083E90B /* Info.plist */,
				86B4CF8A20BB7E4B0083E90B /* main.m */,
			);
			path = StvProject2.4.4;
			sourceTree = "<group>";
		};
/* End PBXGroup section */

/* Begin PBXNativeTarget section */
		86B4CF7720BB7E4A0083E90B /* StvProject2.4.4 */ = {
			isa = PBXNativeTarget;
			buildConfigurationList = 86B4CF8E20BB7E4B0083E90B /* Build configuration list for PBXNativeTarget "StvProject2.4.4" */;
			buildPhases = (
				F256A44D61D7AAF3388782CA /* [CP] Check Pods Manifest.lock */,
				86B4CF7420BB7E4A0083E90B /* Sources */,
				86B4CF7520BB7E4A0083E90B /* Frameworks */,
				86B4CF7620BB7E4A0083E90B /* Resources */,
			);
			buildRules = (
			);
			dependencies = (
			);
			name = StvProject2.4.4;
			productName = StvProject2.4.4;
			productReference = 86B4CF7820BB7E4A0083E90B /* StvProject2.4.4.app */;
			productType = "com.apple.product-type.application";
		};
/* End PBXNativeTarget section */

/* Begin PBXProject section */
		86B4CF7020BB7E4A0083E90B /* Project object */ = {
			isa = PBXProject;
			attributes = {
				LastUpgradeCheck = 0930;
				ORGANIZATIONNAME = Daichi.T96;
				TargetAttributes = {
					86B4CF7720BB7E4A0083E90B = {
						CreatedOnToolsVersion = 9.3.1;
					};
				};
			};
			buildConfigurationList = 86B4CF7320BB7E4A0083E90B /* Build configuration list for PBXProject "StvProject2.4.4" */;
			compatibilityVersion = "Xcode 9.3";
			developmentRegion = en;
			hasScannedForEncodings = 0;
			knownRegions = (
				en,
				Base,
			);
			mainGroup = 86B4CF6F20BB7E4A0083E90B;
			productRefGroup = 86B4CF7920BB7E4A0083E90B /* Products */;
			projectDirPath = "";
			projectRoot = "";
			targets = (
				86B4CF7720BB7E4A0083E90B /* StvProject2.4.4 */,
			);
		};
/* End PBXProject section */

/* Begin PBXResourcesBuildPhase section */
		86B4CF7620BB7E4A0083E90B /* Resources */ = {
			isa = PBXResourcesBuildPhase;
			buildActionMask = 2147483647;
			files = (
				86B4CF8820BB7E4B0083E90B /* LaunchScreen.storyboard in Resources */,
				86B4CF8520BB7E4B0083E90B /* Assets.xcassets in Resources */,
				86B4CF8320BB7E4A0083E90B /* Main.storyboard in Resources */,
			);
			runOnlyForDeploymentPostprocessing = 0;
		};
/* End PBXResourcesBuildPhase section */

/* Begin PBXShellScriptBuildPhase section */
		F256A44D61D7AAF3388782CA /* [CP] Check Pods Manifest.lock */ = {
			isa = PBXShellScriptBuildPhase;
			buildActionMask = 2147483647;
			files = (
			);
			inputPaths = (
				"${PODS_PODFILE_DIR_PATH}/Podfile.lock",
				"${PODS_ROOT}/Manifest.lock",
			);
			name = "[CP] Check Pods Manifest.lock";
			outputPaths = (
				"$(DERIVED_FILE_DIR)/Pods-StvProject2.4.4-checkManifestLockResult.txt",
			);
			runOnlyForDeploymentPostprocessing = 0;
			shellPath = /bin/sh;
			shellScript = "diff \"${PODS_PODFILE_DIR_PATH}/Podfile.lock\" \"${PODS_ROOT}/Manifest.lock\" > /dev/null\nif [ $? != 0 ] ; then\n    # print error to STDERR\n    echo \"error: The sandbox is not in sync with the Podfile.lock. Run 'pod install' or update your CocoaPods installation.\" >&2\n    exit 1\nfi\n# This output is used by Xcode 'outputs' to avoid re-running this script phase.\necho \"SUCCESS\" > \"${SCRIPT_OUTPUT_FILE_0}\"\n";
			showEnvVarsInLog = 0;
		};
/* End PBXShellScriptBuildPhase section */

/* Begin PBXSourcesBuildPhase section */
		86B4CF7420BB7E4A0083E90B /* Sources */ = {
			isa = PBXSourcesBuildPhase;
			buildActionMask = 2147483647;
			files = (
				8605011220BB8B5B003540AC /* WeatherTableViewCell.m in Sources */,
				86B4CF8020BB7E4A0083E90B /* ViewController.m in Sources */,
				86B4CF8B20BB7E4B0083E90B /* main.m in Sources */,
				8605011820BB8B94003540AC /* Model.m in Sources */,
				86B4CF7D20BB7E4A0083E90B /* AppDelegate.m in Sources */,
				8605011520BB8B84003540AC /* Weather.m in Sources */,
			);
			runOnlyForDeploymentPostprocessing = 0;
		};
/* End PBXSourcesBuildPhase section */

/* Begin PBXVariantGroup section */
		86B4CF8120BB7E4A0083E90B /* Main.storyboard */ = {
			isa = PBXVariantGroup;
			children = (
				86B4CF8220BB7E4A0083E90B /* Base */,
			);
			name = Main.storyboard;
			sourceTree = "<group>";
		};
		86B4CF8620BB7E4B0083E90B /* LaunchScreen.storyboard */ = {
			isa = PBXVariantGroup;
			children = (
				86B4CF8720BB7E4B0083E90B /* Base */,
			);
			name = LaunchScreen.storyboard;
			sourceTree = "<group>";
		};
/* End PBXVariantGroup section */

/* Begin XCBuildConfiguration section */
		86B4CF8C20BB7E4B0083E90B /* Debug */ = {
			isa = XCBuildConfiguration;
			buildSettings = {
				ALWAYS_SEARCH_USER_PATHS = NO;
				CLANG_ANALYZER_NONNULL = YES;
				CLANG_ANALYZER_NUMBER_OBJECT_CONVERSION = YES_AGGRESSIVE;
				CLANG_CXX_LANGUAGE_STANDARD = "gnu++14";
				CLANG_CXX_LIBRARY = "libc++";
				CLANG_ENABLE_MODULES = YES;
				CLANG_ENABLE_OBJC_ARC = YES;
				CLANG_ENABLE_OBJC_WEAK = YES;
				CLANG_WARN_BLOCK_CAPTURE_AUTORELEASING = YES;
				CLANG_WARN_BOOL_CONVERSION = YES;
				CLANG_WARN_COMMA = YES;
				CLANG_WARN_CONSTANT_CONVERSION = YES;
				CLANG_WARN_DEPRECATED_OBJC_IMPLEMENTATIONS = YES;
				CLANG_WARN_DIRECT_OBJC_ISA_USAGE = YES_ERROR;
				CLANG_WARN_DOCUMENTATION_COMMENTS = YES;
				CLANG_WARN_EMPTY_BODY = YES;
				CLANG_WARN_ENUM_CONVERSION = YES;
				CLANG_WARN_INFINITE_RECURSION = YES;
				CLANG_WARN_INT_CONVERSION = YES;
				CLANG_WARN_NON_LITERAL_NULL_CONVERSION = YES;
				CLANG_WARN_OBJC_IMPLICIT_RETAIN_SELF = YES;
				CLANG_WARN_OBJC_LITERAL_CONVERSION = YES;
				CLANG_WARN_OBJC_ROOT_CLASS = YES_ERROR;
				CLANG_WARN_RANGE_LOOP_ANALYSIS = YES;
				CLANG_WARN_STRICT_PROTOTYPES = YES;
				CLANG_WARN_SUSPICIOUS_MOVE = YES;
				CLANG_WARN_UNGUARDED_AVAILABILITY = YES_AGGRESSIVE;
				CLANG_WARN_UNREACHABLE_CODE = YES;
				CLANG_WARN__DUPLICATE_METHOD_MATCH = YES;
				CODE_SIGN_IDENTITY = "iPhone Developer";
				COPY_PHASE_STRIP = NO;
				DEBUG_INFORMATION_FORMAT = dwarf;
				ENABLE_STRICT_OBJC_MSGSEND = YES;
				ENABLE_TESTABILITY = YES;
				GCC_C_LANGUAGE_STANDARD = gnu11;
				GCC_DYNAMIC_NO_PIC = NO;
				GCC_NO_COMMON_BLOCKS = YES;
				GCC_OPTIMIZATION_LEVEL = 0;
				GCC_PREPROCESSOR_DEFINITIONS = (
					"DEBUG=1",
					"$(inherited)",
				);
				GCC_WARN_64_TO_32_BIT_CONVERSION = YES;
				GCC_WARN_ABOUT_RETURN_TYPE = YES_ERROR;
				GCC_WARN_UNDECLARED_SELECTOR = YES;
				GCC_WARN_UNINITIALIZED_AUTOS = YES_AGGRESSIVE;
				GCC_WARN_UNUSED_FUNCTION = YES;
				GCC_WARN_UNUSED_VARIABLE = YES;
				IPHONEOS_DEPLOYMENT_TARGET = 11.3;
				MTL_ENABLE_DEBUG_INFO = YES;
				ONLY_ACTIVE_ARCH = YES;
				SDKROOT = iphoneos;
			};
			name = Debug;
		};
		86B4CF8D20BB7E4B0083E90B /* Release */ = {
			isa = XCBuildConfiguration;
			buildSettings = {
				ALWAYS_SEARCH_USER_PATHS = NO;
				CLANG_ANALYZER_NONNULL = YES;
				CLANG_ANALYZER_NUMBER_OBJECT_CONVERSION = YES_AGGRESSIVE;
				CLANG_CXX_LANGUAGE_STANDARD = "gnu++14";
				CLANG_CXX_LIBRARY = "libc++";
				CLANG_ENABLE_MODULES = YES;
				CLANG_ENABLE_OBJC_ARC = YES;
				CLANG_ENABLE_OBJC_WEAK = YES;
				CLANG_WARN_BLOCK_CAPTURE_AUTORELEASING = YES;
				CLANG_WARN_BOOL_CONVERSION = YES;
				CLANG_WARN_COMMA = YES;
				CLANG_WARN_CONSTANT_CONVERSION = YES;
				CLANG_WARN_DEPRECATED_OBJC_IMPLEMENTATIONS = YES;
				CLANG_WARN_DIRECT_OBJC_ISA_USAGE = YES_ERROR;
				CLANG_WARN_DOCUMENTATION_COMMENTS = YES;
				CLANG_WARN_EMPTY_BODY = YES;
				CLANG_WARN_ENUM_CONVERSION = YES;
				CLANG_WARN_INFINITE_RECURSION = YES;
				CLANG_WARN_INT_CONVERSION = YES;
				CLANG_WARN_NON_LITERAL_NULL_CONVERSION = YES;
				CLANG_WARN_OBJC_IMPLICIT_RETAIN_SELF = YES;
				CLANG_WARN_OBJC_LITERAL_CONVERSION = YES;
				CLANG_WARN_OBJC_ROOT_CLASS = YES_ERROR;
				CLANG_WARN_RANGE_LOOP_ANALYSIS = YES;
				CLANG_WARN_STRICT_PROTOTYPES = YES;
				CLANG_WARN_SUSPICIOUS_MOVE = YES;
				CLANG_WARN_UNGUARDED_AVAILABILITY = YES_AGGRESSIVE;
				CLANG_WARN_UNREACHABLE_CODE = YES;
				CLANG_WARN__DUPLICATE_METHOD_MATCH = YES;
				CODE_SIGN_IDENTITY = "iPhone Developer";
				COPY_PHASE_STRIP = NO;
				DEBUG_INFORMATION_FORMAT = "dwarf-with-dsym";
				ENABLE_NS_ASSERTIONS = NO;
				ENABLE_STRICT_OBJC_MSGSEND = YES;
				GCC_C_LANGUAGE_STANDARD = gnu11;
				GCC_NO_COMMON_BLOCKS = YES;
				GCC_WARN_64_TO_32_BIT_CONVERSION = YES;
				GCC_WARN_ABOUT_RETURN_TYPE = YES_ERROR;
				GCC_WARN_UNDECLARED_SELECTOR = YES;
				GCC_WARN_UNINITIALIZED_AUTOS = YES_AGGRESSIVE;
				GCC_WARN_UNUSED_FUNCTION = YES;
				GCC_WARN_UNUSED_VARIABLE = YES;
				IPHONEOS_DEPLOYMENT_TARGET = 11.3;
				MTL_ENABLE_DEBUG_INFO = NO;
				SDKROOT = iphoneos;
				VALIDATE_PRODUCT = YES;
			};
			name = Release;
		};
		86B4CF8F20BB7E4B0083E90B /* Debug */ = {
			isa = XCBuildConfiguration;
			baseConfigurationReference = 66B23477352077DDAD9C119F /* Pods-StvProject2.4.4.debug.xcconfig */;
			buildSettings = {
				ASSETCATALOG_COMPILER_APPICON_NAME = AppIcon;
				CODE_SIGN_STYLE = Automatic;
				INFOPLIST_FILE = StvProject2.4.4/Info.plist;
				LD_RUNPATH_SEARCH_PATHS = (
					"$(inherited)",
					"@executable_path/Frameworks",
				);
				PRODUCT_BUNDLE_IDENTIFIER = "com.daichi.StvProject2-4-4";
				PRODUCT_NAME = "$(TARGET_NAME)";
				TARGETED_DEVICE_FAMILY = "1,2";
			};
			name = Debug;
		};
		86B4CF9020BB7E4B0083E90B /* Release */ = {
			isa = XCBuildConfiguration;
			baseConfigurationReference = 53456903E5E88E6E333D509F /* Pods-StvProject2.4.4.release.xcconfig */;
			buildSettings = {
				ASSETCATALOG_COMPILER_APPICON_NAME = AppIcon;
				CODE_SIGN_STYLE = Automatic;
				INFOPLIST_FILE = StvProject2.4.4/Info.plist;
				LD_RUNPATH_SEARCH_PATHS = (
					"$(inherited)",
					"@executable_path/Frameworks",
				);
				PRODUCT_BUNDLE_IDENTIFIER = "com.daichi.StvProject2-4-4";
				PRODUCT_NAME = "$(TARGET_NAME)";
				TARGETED_DEVICE_FAMILY = "1,2";
			};
			name = Release;
		};
/* End XCBuildConfiguration section */

/* Begin XCConfigurationList section */
		86B4CF7320BB7E4A0083E90B /* Build configuration list for PBXProject "StvProject2.4.4" */ = {
			isa = XCConfigurationList;
			buildConfigurations = (
				86B4CF8C20BB7E4B0083E90B /* Debug */,
				86B4CF8D20BB7E4B0083E90B /* Release */,
			);
			defaultConfigurationIsVisible = 0;
			defaultConfigurationName = Release;
		};
		86B4CF8E20BB7E4B0083E90B /* Build configuration list for PBXNativeTarget "StvProject2.4.4" */ = {
			isa = XCConfigurationList;
			buildConfigurations = (
				86B4CF8F20BB7E4B0083E90B /* Debug */,
				86B4CF9020BB7E4B0083E90B /* Release */,
			);
			defaultConfigurationIsVisible = 0;
			defaultConfigurationName = Release;
		};
/* End XCConfigurationList section */
	};
	rootObject = 86B4CF7020BB7E4A0083E90B /* Project object */;
}
